
Microsoft Visual Studio Solution File, Format Version 12.00
# Visual Studio Version 17
VisualStudioVersion = 17.2.32602.215
MinimumVisualStudioVersion = 10.0.40219.1
Project("{FAE04EC0-301F-11D3-BF4B-00C04F79EFBC}") = "Dynamic Sentence Web App", "Dynamic Sentence Web App\Dynamic Sentence Web App.csproj", "{7A9DD26B-DB78-41CF-9978-3B97BDB81752}"
EndProject
Global
	GlobalSection(SolutionConfigurationPlatforms) = preSolution
		Debug|Any CPU = Debug|Any CPU
		Release|Any CPU = Release|Any CPU
	EndGlobalSection
	GlobalSection(ProjectConfigurationPlatforms) = postSolution
		{7A9DD26B-DB78-41CF-9978-3B97BDB81752}.Debug|Any CPU.ActiveCfg = Debug|Any CPU
		{7A9DD26B-DB78-41CF-9978-3B97BDB81752}.Debug|Any CPU.Build.0 = Debug|Any CPU
		{7A9DD26B-DB78-41CF-9978-3B97BDB81752}.Release|Any CPU.ActiveCfg = Release|Any CPU
		{7A9DD26B-DB78-41CF-9978-3B97BDB81752}.Release|Any CPU.Build.0 = Release|Any CPU
	EndGlobalSection
	GlobalSection(SolutionProperties) = preSolution
		HideSolutionNode = FALSE
	EndGlobalSection
	GlobalSection(ExtensibilityGlobals) = postSolution
		SolutionGuid = {A1D4FC04-F807-4FB4-B321-80F5E8B30E1F}
	EndGlobalSection
EndGlobal
